
Microsoft Visual Studio Solution File, Format Version 12.00
# Visual Studio 15
VisualStudioVersion = 15.0.26430.13
MinimumVisualStudioVersion = 10.0.40219.1
Project("{FAE04EC0-301F-11D3-BF4B-00C04F79EFBC}") = "LogoFX.Client.Testing.Integration.xUnit", "LogoFX.Client.Testing.Integration.xUnit\portable\LogoFX.Client.Testing.Integration.xUnit.csproj", "{BE3E26F9-BF92-4633-81A0-E10A5D276FE8}"
EndProject
Global
	GlobalSection(SolutionConfigurationPlatforms) = preSolution
		Debug|Any CPU = Debug|Any CPU
		Release|Any CPU = Release|Any CPU
	EndGlobalSection
	GlobalSection(ProjectConfigurationPlatforms) = postSolution
		{BE3E26F9-BF92-4633-81A0-E10A5D276FE8}.Debug|Any CPU.ActiveCfg = Debug|Any CPU
		{BE3E26F9-BF92-4633-81A0-E10A5D276FE8}.Debug|Any CPU.Build.0 = Debug|Any CPU
		{BE3E26F9-BF92-4633-81A0-E10A5D276FE8}.Release|Any CPU.ActiveCfg = Release|Any CPU
		{BE3E26F9-BF92-4633-81A0-E10A5D276FE8}.Release|Any CPU.Build.0 = Release|Any CPU
	EndGlobalSection
	GlobalSection(SolutionProperties) = preSolution
		HideSolutionNode = FALSE
	EndGlobalSection
EndGlobal
